
Microsoft Visual Studio Solution File, Format Version 12.00
# Visual Studio 15
VisualStudioVersion = 15.0.28010.2041
MinimumVisualStudioVersion = 10.0.40219.1
Project("{9A19103F-16F7-4668-BE54-9A1E7A4F7556}") = "ProjectCeilidh.PortAudio", "ProjectCeilidh.PortAudio\ProjectCeilidh.PortAudio.csproj", "{7F238824-BE26-496A-8D4B-DF427A11EF82}"
EndProject
Project("{FAE04EC0-301F-11D3-BF4B-00C04F79EFBC}") = "ProjectCeilidh.PortAudio.Tests", "ProjectCeilidh.PortAudio.Tests\ProjectCeilidh.PortAudio.Tests.csproj", "{24305DCD-AB4F-4EC5-81B5-81A622CDB518}"
EndProject
Project("{FAE04EC0-301F-11D3-BF4B-00C04F79EFBC}") = "ProjectCeilidh.PortAudio.Example", "ProjectCeilidh.PortAudio.Example\ProjectCeilidh.PortAudio.Example.csproj", "{D46306CC-9283-4F33-9E62-36E492EAF77C}"
EndProject
Global
	GlobalSection(SolutionConfigurationPlatforms) = preSolution
		Debug|Any CPU = Debug|Any CPU
		Release|Any CPU = Release|Any CPU
	EndGlobalSection
	GlobalSection(ProjectConfigurationPlatforms) = postSolution
		{7F238824-BE26-496A-8D4B-DF427A11EF82}.Debug|Any CPU.ActiveCfg = Debug|Any CPU
		{7F238824-BE26-496A-8D4B-DF427A11EF82}.Debug|Any CPU.Build.0 = Debug|Any CPU
		{7F238824-BE26-496A-8D4B-DF427A11EF82}.Release|Any CPU.ActiveCfg = Release|Any CPU
		{7F238824-BE26-496A-8D4B-DF427A11EF82}.Release|Any CPU.Build.0 = Release|Any CPU
		{24305DCD-AB4F-4EC5-81B5-81A622CDB518}.Debug|Any CPU.ActiveCfg = Debug|Any CPU
		{24305DCD-AB4F-4EC5-81B5-81A622CDB518}.Debug|Any CPU.Build.0 = Debug|Any CPU
		{24305DCD-AB4F-4EC5-81B5-81A622CDB518}.Release|Any CPU.ActiveCfg = Release|Any CPU
		{24305DCD-AB4F-4EC5-81B5-81A622CDB518}.Release|Any CPU.Build.0 = Release|Any CPU
		{D46306CC-9283-4F33-9E62-36E492EAF77C}.Debug|Any CPU.ActiveCfg = Debug|Any CPU
		{D46306CC-9283-4F33-9E62-36E492EAF77C}.Debug|Any CPU.Build.0 = Debug|Any CPU
		{D46306CC-9283-4F33-9E62-36E492EAF77C}.Release|Any CPU.ActiveCfg = Release|Any CPU
		{D46306CC-9283-4F33-9E62-36E492EAF77C}.Release|Any CPU.Build.0 = Release|Any CPU
	EndGlobalSection
	GlobalSection(SolutionProperties) = preSolution
		HideSolutionNode = FALSE
	EndGlobalSection
	GlobalSection(ExtensibilityGlobals) = postSolution
		SolutionGuid = {A974439F-F49A-40ED-843A-40A0D78601BB}
	EndGlobalSection
EndGlobal
